{
  "name": "CSA3-OPA",
  "lockfileVersion": 3,
  "requires": true,
  "packages": {
    "": {
      "dependencies": {
        "opa": "^11.22.0"
      }
    },
    "node_modules/ap": {
      "version": "0.1.0",
      "resolved": "https://registry.npmjs.org/ap/-/ap-0.1.0.tgz",
      "integrity": "sha512-iNF0PHuPu0RokHSicNS46wSj3bg3inzbDVaoFVZ+T0C+RvSu1bqg+OilF8Sr8S6j9mURv3Xx7BnT3bbF5fgytw=="
    },
    "node_modules/body": {
      "version": "0.1.0",
      "resolved": "https://registry.npmjs.org/body/-/body-0.1.0.tgz",
      "integrity": "sha512-aLm4/sBfk64P9psNjei/UfApreQwRT95KVNLCO2xSdDiLVoLfbN+sej1AqXF/Dr+2lcZTiiE3kqrhkqmIViYRw==",
      "dependencies": {
        "content-types": "~0.1.0"
      }
    },
    "node_modules/charset": {
      "version": "1.0.1",
      "resolved": "https://registry.npmjs.org/charset/-/charset-1.0.1.tgz",
      "integrity": "sha512-6dVyOOYjpfFcL1Y4qChrAoQLRHvj2ziyhcm0QJlhOcAhykL/k1kTUPbeo+87MNRTRdk2OIIsIXbuF3x2wi5EXg==",
      "engines": {
        "node": ">=4.0.0"
      }
    },
    "node_modules/commander": {
      "version": "2.1.0",
      "resolved": "https://registry.npmjs.org/commander/-/commander-2.1.0.tgz",
      "integrity": "sha512-J2wnb6TKniXNOtoHS8TSrG9IOQluPrsmyAJ8oCUJOBmv+uLBCyPYAZkD2jFvw2DCzIXNnISIM01NIvr35TkBMQ==",
      "engines": {
        "node": ">= 0.6.x"
      }
    },
    "node_modules/content-types": {
      "version": "0.1.0",
      "resolved": "https://registry.npmjs.org/content-types/-/content-types-0.1.0.tgz",
      "integrity": "sha512-NjSa51IXsG8IUG14sq/GJ+76GT3RFXxwaL/gOQf4pbc5NWN6FRpt0Tse6E6nVe/WC4Vx+Kye/dnPW7lQ/+gHRA==",
      "dependencies": {
        "iterators": "~0.1.0"
      }
    },
    "node_modules/cookies": {
      "version": "0.8.0",
      "resolved": "https://registry.npmjs.org/cookies/-/cookies-0.8.0.tgz",
      "integrity": "sha512-8aPsApQfebXnuI+537McwYsDtjVxGm8gTIzQI3FDW6t5t/DAhERxtnbEPN/8RX+uZthoz4eCOgloXaE5cYyNow==",
      "dependencies": {
        "depd": "~2.0.0",
        "keygrip": "~1.1.0"
      },
      "engines": {
        "node": ">= 0.8"
      }
    },
    "node_modules/corsify": {
      "version": "2.1.0",
      "resolved": "https://registry.npmjs.org/corsify/-/corsify-2.1.0.tgz",
      "integrity": "sha512-U+DYSK24LTnecti7uX85uBoRk5/anWUWFwMjK8M/wgv1EKawJNuCy1RnnWPvU+H3N5u5JVKiwFBaSUlXIQejFw==",
      "dependencies": {
        "http-methods": "~0.1.0"
      }
    },
    "node_modules/depd": {
      "version": "2.0.0",
      "resolved": "https://registry.npmjs.org/depd/-/depd-2.0.0.tgz",
      "integrity": "sha512-g7nH6P6dyDioJogAAGprGpCtVImJhpPk/roCzdb3fIh61/s/nPsfR6onyMwkCAR/OlC3yBC0lESvUoQEAssIrw==",
      "engines": {
        "node": ">= 0.8"
      }
    },
    "node_modules/duplex": {
      "version": "1.0.0",
      "resolved": "https://registry.npmjs.org/duplex/-/duplex-1.0.0.tgz",
      "integrity": "sha512-6Urdl3FU6TU6TAbd9b46YsvYhxqWvuuvlDL1VaP4DJb9E1jbU9Y5E6KUIXt7+0CUgKhPveZ495kqVAzm/uynyg=="
    },
    "node_modules/ecstatic": {
      "version": "4.1.4",
      "resolved": "https://registry.npmjs.org/ecstatic/-/ecstatic-4.1.4.tgz",
      "integrity": "sha512-8E4ZLK4uRuB9pwywGpy/B9vcz4gCp6IY7u4cMbeCINr/fjb1v+0wf0Ae2XlfSnG8xZYnE4uaJBjFkYI0bqcIdw==",
      "deprecated": "This package is unmaintained and deprecated. See the GH Issue 259.",
      "dependencies": {
        "charset": "^1.0.1",
        "he": "^1.1.1",
        "mime": "^2.4.1",
        "minimist": "^1.1.0",
        "on-finished": "^2.3.0",
        "url-join": "^4.0.0"
      },
      "bin": {
        "ecstatic": "lib/bin.js"
      }
    },
    "node_modules/ee-first": {
      "version": "1.1.1",
      "resolved": "https://registry.npmjs.org/ee-first/-/ee-first-1.1.1.tgz",
      "integrity": "sha512-WMwm9LhRUo+WUaRN+vRuETqG89IgZphVSNkdFgeb6sS/E4OrDIN7t48CAewSHXc6C8lefD8KKfr5vY61brQlow=="
    },
    "node_modules/he": {
      "version": "1.2.0",
      "resolved": "https://registry.npmjs.org/he/-/he-1.2.0.tgz",
      "integrity": "sha512-F/1DnUGPopORZi0ni+CvrCgHQ5FyEAHRLSApuYWMmrbSwoN2Mn/7k+Gl38gJnR7yyDZk6WLXwiGod1JOWNDKGw==",
      "bin": {
        "he": "bin/he"
      }
    },
    "node_modules/http-methods": {
      "version": "0.1.0",
      "resolved": "https://registry.npmjs.org/http-methods/-/http-methods-0.1.0.tgz",
      "integrity": "sha512-kD014YvSrOvvaxZ6uEGAYKuJM06iudtMFBMmTsghkoHX8QwDKkb0Me9QaMpm/PuEGcwRwSTh1RjVmSAaNcQ5Xw==",
      "dependencies": {
        "body": "~0.1.0",
        "content-types": "~0.1.0"
      }
    },
    "node_modules/isbuffer": {
      "version": "0.0.0",
      "resolved": "https://registry.npmjs.org/isbuffer/-/isbuffer-0.0.0.tgz",
      "integrity": "sha512-xU+NoHp+YtKQkaM2HsQchYn0sltxMxew0HavMfHbjnucBoTSGbw745tL+Z7QBANleWM1eEQMenEpi174mIeS4g=="
    },
    "node_modules/iterate": {
      "version": "0.1.0",
      "resolved": "https://registry.npmjs.org/iterate/-/iterate-0.1.0.tgz",
      "integrity": "sha512-+ZiNcp9lfZOcZhJGxOv4YWsBrr8VaGbmsXTvWq/DT5pQXUh0+VK6B07PBfa0HNtGg1vn5zVJ3iOX1Lel4/qkDw=="
    },
    "node_modules/iterators": {
      "version": "0.1.0",
      "resolved": "https://registry.npmjs.org/iterators/-/iterators-0.1.0.tgz",
      "integrity": "sha512-GpkD3ywc6Fku41TwHQwWXB4rqWFN65uMHwi5ubi4v+bInvn7K/U3oAhJgQ6G+2usl0/UBaVfYnjB2HB2uulSCA==",
      "dependencies": {
        "ap": "~0.1.0"
      }
    },
    "node_modules/keygrip": {
      "version": "1.1.0",
      "resolved": "https://registry.npmjs.org/keygrip/-/keygrip-1.1.0.tgz",
      "integrity": "sha512-iYSchDJ+liQ8iwbSI2QqsQOvqv58eJCEanyJPJi+Khyu8smkcKSFUCbPwzFcL7YVtZ6eONjqRX/38caJ7QjRAQ==",
      "dependencies": {
        "tsscmp": "1.0.6"
      },
      "engines": {
        "node": ">= 0.6"
      }
    },
    "node_modules/mime": {
      "version": "2.6.0",
      "resolved": "https://registry.npmjs.org/mime/-/mime-2.6.0.tgz",
      "integrity": "sha512-USPkMeET31rOMiarsBNIHZKLGgvKc/LrjofAnBlOttf5ajRvqiRA8QsenbcooctK6d6Ts6aqZXBA+XbkKthiQg==",
      "bin": {
        "mime": "cli.js"
      },
      "engines": {
        "node": ">=4.0.0"
      }
    },
    "node_modules/minimist": {
      "version": "1.2.8",
      "resolved": "https://registry.npmjs.org/minimist/-/minimist-1.2.8.tgz",
      "integrity": "sha512-2yyAR8qBkN3YuheJanUpWC5U3bb5osDywNB8RzDVlDwDHbocAJveqqj1u8+SVD7jkWT4yvsHCpWqqWqAxb0zCA==",
      "funding": {
        "url": "https://github.com/sponsors/ljharb"
      }
    },
    "node_modules/monotonic-timestamp": {
      "version": "0.0.9",
      "resolved": "https://registry.npmjs.org/monotonic-timestamp/-/monotonic-timestamp-0.0.9.tgz",
      "integrity": "sha512-PQcys7iTcXiMyW8cgK5B/fhKGteB/WLqWN1f+s7IJHyyRd80JnJYoNo03kTQcGZhVtsKz5kEWiS7W94gfY6qcQ=="
    },
    "node_modules/nan": {
      "version": "1.0.0",
      "resolved": "https://registry.npmjs.org/nan/-/nan-1.0.0.tgz",
      "integrity": "sha512-Wm2/nFOm2y9HtJfgOLnctGbfvF23FcQZeyUZqDD8JQG3zO5kXh3MkQKiUaA68mJiVWrOzLFkAV1u6bC8P52DJA=="
    },
    "node_modules/on-finished": {
      "version": "2.4.1",
      "resolved": "https://registry.npmjs.org/on-finished/-/on-finished-2.4.1.tgz",
      "integrity": "sha512-oVlzkg3ENAhCk2zdv7IJwd/QUD4z2RxRwpkcGY8psCVcCYZNq4wYnVWALHM+brtuJjePWiYF/ClmuDr8Ch5+kg==",
      "dependencies": {
        "ee-first": "1.1.1"
      },
      "engines": {
        "node": ">= 0.8"
      }
    },
    "node_modules/opa": {
      "version": "11.22.0",
      "resolved": "https://registry.npmjs.org/opa/-/opa-11.22.0.tgz",
      "integrity": "sha512-WP6dE/h5KxMx387gyal1Za+1HwYzrA9B+EirUj40B9ENhsu7OKFWJFOBVJlceHPSu4krYIED4YfBPMotSC+neg==",
      "dependencies": {
        "corsify": "^2.1.0",
        "ecstatic": "",
        "minimist": "",
        "optimist": "",
        "sesame-stream": "0.6.0"
      },
      "bin": {
        "opa": "index.js"
      }
    },
    "node_modules/optimist": {
      "version": "0.6.1",
      "resolved": "https://registry.npmjs.org/optimist/-/optimist-0.6.1.tgz",
      "integrity": "sha512-snN4O4TkigujZphWLN0E//nQmm7790RYaE53DdL7ZYwee2D8DDo9/EyYiKUfN3rneWUjhJnueija3G9I2i0h3g==",
      "dependencies": {
        "minimist": "~0.0.1",
        "wordwrap": "~0.0.2"
      }
    },
    "node_modules/optimist/node_modules/minimist": {
      "version": "0.0.10",
      "resolved": "https://registry.npmjs.org/minimist/-/minimist-0.0.10.tgz",
      "integrity": "sha512-iotkTvxc+TwOm5Ieim8VnSNvCDjCK9S8G3scJ50ZthspSxa7jx50jkhYduuAtAjvfDUwSgOwf8+If99AlOEhyw=="
    },
    "node_modules/options": {
      "version": "0.0.6",
      "resolved": "https://registry.npmjs.org/options/-/options-0.0.6.tgz",
      "integrity": "sha512-bOj3L1ypm++N+n7CEbbe473A414AB7z+amKYshRb//iuL3MpdDCLhPnw6aVTdKB9g5ZRVHIEp8eUln6L2NUStg==",
      "engines": {
        "node": ">=0.4.0"
      }
    },
    "node_modules/scuttlebutt": {
      "version": "5.6.15",
      "resolved": "https://registry.npmjs.org/scuttlebutt/-/scuttlebutt-5.6.15.tgz",
      "integrity": "sha512-O6jbeJ3KEhmkczebtedl9/5Z+A0ezo+S47tijkWwDLxiej36l3zDpWAOBgJgRLGaD5cfxhWOy3ACkDFArXyRqg==",
      "dependencies": {
        "duplex": "~1.0.0",
        "iterate": "0.1.0",
        "monotonic-timestamp": "~0.0.8",
        "stream-serializer": "1.1.2"
      }
    },
    "node_modules/sesame-stream": {
      "version": "0.6.0",
      "resolved": "https://registry.npmjs.org/sesame-stream/-/sesame-stream-0.6.0.tgz",
      "integrity": "sha512-QByHSXVLDXBRhjQvU42B3pkgUo4EYlbkjqX/g35paiq3Pkc84TGY47IxtKTV9em10qa1L9mPJLapZ3J4qqfdJA==",
      "dependencies": {
        "cookies": "",
        "ecstatic": "",
        "keygrip": "",
        "scuttlebutt": "",
        "since-when": "",
        "uuid": "",
        "websocket-stream": "0.4.0",
        "ws": ""
      }
    },
    "node_modules/since-when": {
      "version": "3.6.0",
      "resolved": "https://registry.npmjs.org/since-when/-/since-when-3.6.0.tgz",
      "integrity": "sha512-QEJCb8X4uJJljEGz8ybnGg8voaIV7N7ue+pZSP64eBlCrC4JaYSO2llK67Qo+jYycg1oTmbd3cod2MW/dpxjXw=="
    },
    "node_modules/stream-serializer": {
      "version": "1.1.2",
      "resolved": "https://registry.npmjs.org/stream-serializer/-/stream-serializer-1.1.2.tgz",
      "integrity": "sha512-I/GbDmZwBLn4/gpW4gOwt+jc/cVXt0kQwLOBuY/YLIACfwAnK88qzvSHyyu1+YgoALrWTgbnAVRRirVjGUCTBg=="
    },
    "node_modules/through": {
      "version": "2.3.8",
      "resolved": "https://registry.npmjs.org/through/-/through-2.3.8.tgz",
      "integrity": "sha512-w89qg7PI8wAdvX60bMDP+bFoD5Dvhm9oLheFp5O4a2QF0cSBGsBX4qZmadPMvVqlLJBBci+WqGGOAPvcDeNSVg=="
    },
    "node_modules/tinycolor": {
      "version": "0.0.1",
      "resolved": "https://registry.npmjs.org/tinycolor/-/tinycolor-0.0.1.tgz",
      "integrity": "sha512-+CorETse1kl98xg0WAzii8DTT4ABF4R3nquhrkIbVGcw1T8JYs5Gfx9xEfGINPUZGDj9C4BmOtuKeaTtuuRolg==",
      "engines": {
        "node": ">=0.4.0"
      }
    },
    "node_modules/tsscmp": {
      "version": "1.0.6",
      "resolved": "https://registry.npmjs.org/tsscmp/-/tsscmp-1.0.6.tgz",
      "integrity": "sha512-LxhtAkPDTkVCMQjt2h6eBVY28KCjikZqZfMcC15YBeNjkgUpdCfBu5HoiOTDu86v6smE8yOjyEktJ8hlbANHQA==",
      "engines": {
        "node": ">=0.6.x"
      }
    },
    "node_modules/url-join": {
      "version": "4.0.1",
      "resolved": "https://registry.npmjs.org/url-join/-/url-join-4.0.1.tgz",
      "integrity": "sha512-jk1+QP6ZJqyOiuEI9AEWQfju/nB2Pw466kbA0LEZljHwKeMgd9WrAEgEGxjPDD2+TNbbb37rTyhEfrCXfuKXnA=="
    },
    "node_modules/uuid": {
      "version": "9.0.1",
      "resolved": "https://registry.npmjs.org/uuid/-/uuid-9.0.1.tgz",
      "integrity": "sha512-b+1eJOlsR9K8HJpow9Ok3fiWOWSIcIzXodvv0rQjVoOVNpWMpxf1wZNpt4y9h10odCNrqnYp1OBzRktckBe3sA==",
      "funding": [
        "https://github.com/sponsors/broofa",
        "https://github.com/sponsors/ctavan"
      ],
      "bin": {
        "uuid": "dist/bin/uuid"
      }
    },
    "node_modules/websocket-stream": {
      "version": "0.4.0",
      "resolved": "https://registry.npmjs.org/websocket-stream/-/websocket-stream-0.4.0.tgz",
      "integrity": "sha512-LJ+U40xt7KUQMFukW2KOvki+gk6Dxbqvapgo+uDfNInl+Mgo9oxtDWmMUMFuVaU89ojdPbqlJ0iC4jA17ZJIog==",
      "dependencies": {
        "isbuffer": "0.0.0",
        "through": "~2.3.4",
        "ws": "~0.4.30"
      },
      "engines": {
        "node": ">=0.8"
      }
    },
    "node_modules/websocket-stream/node_modules/ws": {
      "version": "0.4.32",
      "resolved": "https://registry.npmjs.org/ws/-/ws-0.4.32.tgz",
      "integrity": "sha512-htqsS0U9Z9lb3ITjidQkRvkLdVhQePrMeu475yEfOWkAYvJ6dSjQp1tOH6ugaddzX5b7sQjMPNtY71eTzrV/kA==",
      "hasInstallScript": true,
      "dependencies": {
        "commander": "~2.1.0",
        "nan": "~1.0.0",
        "options": ">=0.0.5",
        "tinycolor": "0.x"
      },
      "bin": {
        "wscat": "bin/wscat"
      },
      "engines": {
        "node": ">=0.4.0"
      }
    },
    "node_modules/wordwrap": {
      "version": "0.0.3",
      "resolved": "https://registry.npmjs.org/wordwrap/-/wordwrap-0.0.3.tgz",
      "integrity": "sha512-1tMA907+V4QmxV7dbRvb4/8MaRALK6q9Abid3ndMYnbyo8piisCmeONVqVSXqQA3KaP4SLt5b7ud6E2sqP8TFw==",
      "engines": {
        "node": ">=0.4.0"
      }
    },
    "node_modules/ws": {
      "version": "8.14.2",
      "resolved": "https://registry.npmjs.org/ws/-/ws-8.14.2.tgz",
      "integrity": "sha512-wEBG1ftX4jcglPxgFCMJmZ2PLtSbJ2Peg6TmpJFTbe9GZYOQCDPdMYu/Tm0/bGZkw8paZnJY45J4K2PZrLYq8g==",
      "engines": {
        "node": ">=10.0.0"
      },
      "peerDependencies": {
        "bufferutil": "^4.0.1",
        "utf-8-validate": ">=5.0.2"
      },
      "peerDependenciesMeta": {
        "bufferutil": {
          "optional": true
        },
        "utf-8-validate": {
          "optional": true
        }
      }
    }
  }
}
